// !$*UTF8*$!
{
	archiveVersion = 1;
	classes = {
	};
	objectVersion = 77;
	objects = {

/* Begin PBXBuildFile section */
		5550FCF86C7915C019C575F2 /* SystemModelSampleModel.swift in Sources */ = {isa = PBXBuildFile; fileRef = DD3F561BD844D618DF3FB854 /* SystemModelSampleModel.swift */; };
		75C10730AF3812A582D94D97 /* SystemModelSampleTests.swift in Sources */ = {isa = PBXBuildFile; fileRef = 4A4D42E4AA71F34E61948C5A /* SystemModelSampleTests.swift */; };
		B9C6362D60A54073CBC312BA /* SystemModelExecutionEnvironment.swift in Sources */ = {isa = PBXBuildFile; fileRef = CF4132B656E7428F9C16B0DA /* SystemModelExecutionEnvironment.swift */; };
		D18B95B489A4D0AA636C4BB9 /* SystemModelSampleApp.swift in Sources */ = {isa = PBXBuildFile; fileRef = 4C5227DF8DEC324A5ED18EB4 /* SystemModelSampleApp.swift */; };
		EA3FEA94B1A7070EDD44E641 /* AppleLocalAISystem in Frameworks */ = {isa = PBXBuildFile; productRef = DDE0DC2E9371C15EEFEBC82B /* AppleLocalAISystem */; };
/* End PBXBuildFile section */

/* Begin PBXContainerItemProxy section */
		C72A7C4E291A79FE14FBB5BB /* PBXContainerItemProxy */ = {
			isa = PBXContainerItemProxy;
			containerPortal = 365A90E9A3B177B2656CC782 /* Project object */;
			proxyType = 1;
			remoteGlobalIDString = EB4863D868E5B6075262A664;
			remoteInfo = AppleLocalAISystemSample;
		};
/* End PBXContainerItemProxy section */

/* Begin PBXFileReference section */
		4A4D42E4AA71F34E61948C5A /* SystemModelSampleTests.swift */ = {isa = PBXFileReference; lastKnownFileType = sourcecode.swift; path = SystemModelSampleTests.swift; sourceTree = "<group>"; };
		4BD41CE3280A74B7356318BF /* AppleLocalAISystemSample.app */ = {isa = PBXFileReference; includeInIndex = 0; lastKnownFileType = wrapper.application; path = AppleLocalAISystemSample.app; sourceTree = BUILT_PRODUCTS_DIR; };
		4C5227DF8DEC324A5ED18EB4 /* SystemModelSampleApp.swift */ = {isa = PBXFileReference; lastKnownFileType = sourcecode.swift; path = SystemModelSampleApp.swift; sourceTree = "<group>"; };
		9211C469C4A59D1557827B80 /* AppleLocalAISystemSampleTests.xctest */ = {isa = PBXFileReference; includeInIndex = 0; lastKnownFileType = wrapper.cfbundle; path = AppleLocalAISystemSampleTests.xctest; sourceTree = BUILT_PRODUCTS_DIR; };
		CF4132B656E7428F9C16B0DA /* SystemModelExecutionEnvironment.swift */ = {isa = PBXFileReference; lastKnownFileType = sourcecode.swift; path = SystemModelExecutionEnvironment.swift; sourceTree = "<group>"; };
		D5756B1B2C03DE10DE1CD4F8 /* AppleLocalAISystem */ = {isa = PBXFileReference; lastKnownFileType = folder; name = AppleLocalAISystem; path = ../../Compatibility/AppleLocalAISystem; sourceTree = SOURCE_ROOT; };
		DD3F561BD844D618DF3FB854 /* SystemModelSampleModel.swift */ = {isa = PBXFileReference; lastKnownFileType = sourcecode.swift; path = SystemModelSampleModel.swift; sourceTree = "<group>"; };
/* End PBXFileReference section */

/* Begin PBXFrameworksBuildPhase section */
		5233BCCF430CF523B9BDE03A /* Frameworks */ = {
			isa = PBXFrameworksBuildPhase;
			buildActionMask = 2147483647;
			files = (
				EA3FEA94B1A7070EDD44E641 /* AppleLocalAISystem in Frameworks */,
			);
			runOnlyForDeploymentPostprocessing = 0;
		};
/* End PBXFrameworksBuildPhase section */

/* Begin PBXGroup section */
		2162746F0FF64054A3389DA6 /* Sources */ = {
			isa = PBXGroup;
			children = (
				CF4132B656E7428F9C16B0DA /* SystemModelExecutionEnvironment.swift */,
				4C5227DF8DEC324A5ED18EB4 /* SystemModelSampleApp.swift */,
				DD3F561BD844D618DF3FB854 /* SystemModelSampleModel.swift */,
			);
			path = Sources;
			sourceTree = "<group>";
		};
		62AB661A2114EF0750F09636 /* Packages */ = {
			isa = PBXGroup;
			children = (
				D5756B1B2C03DE10DE1CD4F8 /* AppleLocalAISystem */,
			);
			name = Packages;
			sourceTree = "<group>";
		};
		B3A8878864E2FF072E5DD5D0 = {
			isa = PBXGroup;
			children = (
				62AB661A2114EF0750F09636 /* Packages */,
				2162746F0FF64054A3389DA6 /* Sources */,
				EC4C4E7CA13339226B63F86B /* Tests */,
				BAC6094207B5FF869C5BE643 /* Products */,
			);
			sourceTree = "<group>";
		};
		BAC6094207B5FF869C5BE643 /* Products */ = {
			isa = PBXGroup;
			children = (
				4BD41CE3280A74B7356318BF /* AppleLocalAISystemSample.app */,
				9211C469C4A59D1557827B80 /* AppleLocalAISystemSampleTests.xctest */,
			);
			name = Products;
			sourceTree = "<group>";
		};
		EC4C4E7CA13339226B63F86B /* Tests */ = {
			isa = PBXGroup;
			children = (
				4A4D42E4AA71F34E61948C5A /* SystemModelSampleTests.swift */,
			);
			path = Tests;
			sourceTree = "<group>";
		};
/* End PBXGroup section */

/* Begin PBXNativeTarget section */
		EB4863D868E5B6075262A664 /* AppleLocalAISystemSample */ = {
			isa = PBXNativeTarget;
			buildConfigurationList = 9406953A59A57EB817FB9928 /* Build configuration list for PBXNativeTarget "AppleLocalAISystemSample" */;
			buildPhases = (
				7A405981F42346F29675B410 /* Sources */,
				5233BCCF430CF523B9BDE03A /* Frameworks */,
			);
			buildRules = (
			);
			dependencies = (
			);
			name = AppleLocalAISystemSample;
			packageProductDependencies = (
				DDE0DC2E9371C15EEFEBC82B /* AppleLocalAISystem */,
			);
			productName = AppleLocalAISystemSample;
			productReference = 4BD41CE3280A74B7356318BF /* AppleLocalAISystemSample.app */;
			productType = "com.apple.product-type.application";
		};
		F2A942FCFCEAE29AF038BA44 /* AppleLocalAISystemSampleTests */ = {
			isa = PBXNativeTarget;
			buildConfigurationList = 364D73934C1E3F7963D9B225 /* Build configuration list for PBXNativeTarget "AppleLocalAISystemSampleTests" */;
			buildPhases = (
				FB1F63A35698026FC7494CE1 /* Sources */,
			);
			buildRules = (
			);
			dependencies = (
				9E5FE66B09B11A29F0F1807F /* PBXTargetDependency */,
			);
			name = AppleLocalAISystemSampleTests;
			packageProductDependencies = (
			);
			productName = AppleLocalAISystemSampleTests;
			productReference = 9211C469C4A59D1557827B80 /* AppleLocalAISystemSampleTests.xctest */;
			productType = "com.apple.product-type.bundle.unit-test";
		};
/* End PBXNativeTarget section */

/* Begin PBXProject section */
		365A90E9A3B177B2656CC782 /* Project object */ = {
			isa = PBXProject;
			attributes = {
				BuildIndependentTargetsInParallel = YES;
				LastUpgradeCheck = 1430;
				TargetAttributes = {
					EB4863D868E5B6075262A664 = {
						ProvisioningStyle = Automatic;
					};
				};
			};
			buildConfigurationList = 2367D348881A9A34C88C0701 /* Build configuration list for PBXProject "AppleLocalAISystemSample" */;
			developmentRegion = en;
			hasScannedForEncodings = 0;
			knownRegions = (
				Base,
				en,
			);
			mainGroup = B3A8878864E2FF072E5DD5D0;
			minimizedProjectReferenceProxies = 1;
			packageReferences = (
				D6B12A40B8709A065F8DFF3F /* XCLocalSwiftPackageReference "../../Compatibility/AppleLocalAISystem" */,
			);
			preferredProjectObjectVersion = 77;
			productRefGroup = BAC6094207B5FF869C5BE643 /* Products */;
			projectDirPath = "";
			projectRoot = "";
			targets = (
				EB4863D868E5B6075262A664 /* AppleLocalAISystemSample */,
				F2A942FCFCEAE29AF038BA44 /* AppleLocalAISystemSampleTests */,
			);
		};
/* End PBXProject section */

/* Begin PBXSourcesBuildPhase section */
		7A405981F42346F29675B410 /* Sources */ = {
			isa = PBXSourcesBuildPhase;
			buildActionMask = 2147483647;
			files = (
				B9C6362D60A54073CBC312BA /* SystemModelExecutionEnvironment.swift in Sources */,
				D18B95B489A4D0AA636C4BB9 /* SystemModelSampleApp.swift in Sources */,
				5550FCF86C7915C019C575F2 /* SystemModelSampleModel.swift in Sources */,
			);
			runOnlyForDeploymentPostprocessing = 0;
		};
		FB1F63A35698026FC7494CE1 /* Sources */ = {
			isa = PBXSourcesBuildPhase;
			buildActionMask = 2147483647;
			files = (
				75C10730AF3812A582D94D97 /* SystemModelSampleTests.swift in Sources */,
			);
			runOnlyForDeploymentPostprocessing = 0;
		};
/* End PBXSourcesBuildPhase section */

/* Begin PBXTargetDependency section */
		9E5FE66B09B11A29F0F1807F /* PBXTargetDependency */ = {
			isa = PBXTargetDependency;
			target = EB4863D868E5B6075262A664 /* AppleLocalAISystemSample */;
			targetProxy = C72A7C4E291A79FE14FBB5BB /* PBXContainerItemProxy */;
		};
/* End PBXTargetDependency section */

/* Begin XCBuildConfiguration section */
		2ECB8871CC5037B5401CDAE7 /* Release */ = {
			isa = XCBuildConfiguration;
			buildSettings = {
				BUNDLE_LOADER = "$(TEST_HOST)";
				GENERATE_INFOPLIST_FILE = YES;
				LD_RUNPATH_SEARCH_PATHS = (
					"$(inherited)",
					"@executable_path/Frameworks",
					"@loader_path/Frameworks",
				);
				PRODUCT_BUNDLE_IDENTIFIER = com.applelocalai.systemmodel.tests;
				SDKROOT = iphoneos;
				TARGETED_DEVICE_FAMILY = "1,2";
				TEST_HOST = "$(BUILT_PRODUCTS_DIR)/AppleLocalAISystemSample.app/AppleLocalAISystemSample";
			};
			name = Release;
		};
		5DF2340141D6DEA78B5B18C5 /* Debug */ = {
			isa = XCBuildConfiguration;
			buildSettings = {
				ALWAYS_SEARCH_USER_PATHS = NO;
				APPLE_LOCAL_AI_SYSTEM_INFERENCE_TESTS = 0;
				ARCHS = arm64;
				CLANG_ANALYZER_NONNULL = YES;
				CLANG_ANALYZER_NUMBER_OBJECT_CONVERSION = YES_AGGRESSIVE;
				CLANG_CXX_LANGUAGE_STANDARD = "gnu++14";
				CLANG_CXX_LIBRARY = "libc++";
				CLANG_ENABLE_MODULES = YES;
				CLANG_ENABLE_OBJC_ARC = YES;
				CLANG_ENABLE_OBJC_WEAK = YES;
				CLANG_WARN_BLOCK_CAPTURE_AUTORELEASING = YES;
				CLANG_WARN_BOOL_CONVERSION = YES;
				CLANG_WARN_COMMA = YES;
				CLANG_WARN_CONSTANT_CONVERSION = YES;
				CLANG_WARN_DEPRECATED_OBJC_IMPLEMENTATIONS = YES;
				CLANG_WARN_DIRECT_OBJC_ISA_USAGE = YES_ERROR;
				CLANG_WARN_DOCUMENTATION_COMMENTS = YES;
				CLANG_WARN_EMPTY_BODY = YES;
				CLANG_WARN_ENUM_CONVERSION = YES;
				CLANG_WARN_INFINITE_RECURSION = YES;
				CLANG_WARN_INT_CONVERSION = YES;
				CLANG_WARN_NON_LITERAL_NULL_CONVERSION = YES;
				CLANG_WARN_OBJC_IMPLICIT_RETAIN_SELF = YES;
				CLANG_WARN_OBJC_LITERAL_CONVERSION = YES;
				CLANG_WARN_OBJC_ROOT_CLASS = YES_ERROR;
				CLANG_WARN_QUOTED_INCLUDE_IN_FRAMEWORK_HEADER = YES;
				CLANG_WARN_RANGE_LOOP_ANALYSIS = YES;
				CLANG_WARN_STRICT_PROTOTYPES = YES;
				CLANG_WARN_SUSPICIOUS_MOVE = YES;
				CLANG_WARN_UNGUARDED_AVAILABILITY = YES_AGGRESSIVE;
				CLANG_WARN_UNREACHABLE_CODE = YES;
				CLANG_WARN__DUPLICATE_METHOD_MATCH = YES;
				COPY_PHASE_STRIP = NO;
				DEBUG_INFORMATION_FORMAT = dwarf;
				ENABLE_STRICT_OBJC_MSGSEND = YES;
				ENABLE_TESTABILITY = YES;
				GCC_C_LANGUAGE_STANDARD = gnu11;
				GCC_DYNAMIC_NO_PIC = NO;
				GCC_NO_COMMON_BLOCKS = YES;
				GCC_OPTIMIZATION_LEVEL = 0;
				GCC_PREPROCESSOR_DEFINITIONS = (
					"$(inherited)",
					"DEBUG=1",
				);
				GCC_WARN_64_TO_32_BIT_CONVERSION = YES;
				GCC_WARN_ABOUT_RETURN_TYPE = YES_ERROR;
				GCC_WARN_UNDECLARED_SELECTOR = YES;
				GCC_WARN_UNINITIALIZED_AUTOS = YES_AGGRESSIVE;
				GCC_WARN_UNUSED_FUNCTION = YES;
				GCC_WARN_UNUSED_VARIABLE = YES;
				IPHONEOS_DEPLOYMENT_TARGET = 26.0;
				MTL_ENABLE_DEBUG_INFO = INCLUDE_SOURCE;
				MTL_FAST_MATH = YES;
				ONLY_ACTIVE_ARCH = YES;
				PRODUCT_NAME = "$(TARGET_NAME)";
				SDKROOT = iphoneos;
				SWIFT_ACTIVE_COMPILATION_CONDITIONS = DEBUG;
				SWIFT_OPTIMIZATION_LEVEL = "-Onone";
				SWIFT_STRICT_CONCURRENCY = complete;
				SWIFT_VERSION = 6.0;
				TARGETED_DEVICE_FAMILY = "1,2";
			};
			name = Debug;
		};
		9CFB93F4530C85FC33902149 /* Debug */ = {
			isa = XCBuildConfiguration;
			buildSettings = {
				ASSETCATALOG_COMPILER_APPICON_NAME = AppIcon;
				CODE_SIGN_IDENTITY = "iPhone Developer";
				CODE_SIGN_STYLE = Automatic;
				GENERATE_INFOPLIST_FILE = YES;
				INFOPLIST_KEY_CFBundleDisplayName = "Apple System Model";
				INFOPLIST_KEY_UIApplicationSceneManifest_Generation = YES;
				INFOPLIST_KEY_UILaunchScreen_Generation = YES;
				INFOPLIST_KEY_UISupportedInterfaceOrientations_iPad = "UIInterfaceOrientationPortrait UIInterfaceOrientationPortraitUpsideDown UIInterfaceOrientationLandscapeLeft UIInterfaceOrientationLandscapeRight";
				INFOPLIST_KEY_UISupportedInterfaceOrientations_iPhone = "UIInterfaceOrientationPortrait UIInterfaceOrientationLandscapeLeft UIInterfaceOrientationLandscapeRight";
				LD_RUNPATH_SEARCH_PATHS = (
					"$(inherited)",
					"@executable_path/Frameworks",
				);
				PRODUCT_BUNDLE_IDENTIFIER = com.applelocalai.systemmodel;
				SDKROOT = iphoneos;
				TARGETED_DEVICE_FAMILY = "1,2";
			};
			name = Debug;
		};
		AABCDE7FC1D45FFA46C82D8A /* Release */ = {
			isa = XCBuildConfiguration;
			buildSettings = {
				ALWAYS_SEARCH_USER_PATHS = NO;
				APPLE_LOCAL_AI_SYSTEM_INFERENCE_TESTS = 0;
				ARCHS = arm64;
				CLANG_ANALYZER_NONNULL = YES;
				CLANG_ANALYZER_NUMBER_OBJECT_CONVERSION = YES_AGGRESSIVE;
				CLANG_CXX_LANGUAGE_STANDARD = "gnu++14";
				CLANG_CXX_LIBRARY = "libc++";
				CLANG_ENABLE_MODULES = YES;
				CLANG_ENABLE_OBJC_ARC = YES;
				CLANG_ENABLE_OBJC_WEAK = YES;
				CLANG_WARN_BLOCK_CAPTURE_AUTORELEASING = YES;
				CLANG_WARN_BOOL_CONVERSION = YES;
				CLANG_WARN_COMMA = YES;
				CLANG_WARN_CONSTANT_CONVERSION = YES;
				CLANG_WARN_DEPRECATED_OBJC_IMPLEMENTATIONS = YES;
				CLANG_WARN_DIRECT_OBJC_ISA_USAGE = YES_ERROR;
				CLANG_WARN_DOCUMENTATION_COMMENTS = YES;
				CLANG_WARN_EMPTY_BODY = YES;
				CLANG_WARN_ENUM_CONVERSION = YES;
				CLANG_WARN_INFINITE_RECURSION = YES;
				CLANG_WARN_INT_CONVERSION = YES;
				CLANG_WARN_NON_LITERAL_NULL_CONVERSION = YES;
				CLANG_WARN_OBJC_IMPLICIT_RETAIN_SELF = YES;
				CLANG_WARN_OBJC_LITERAL_CONVERSION = YES;
				CLANG_WARN_OBJC_ROOT_CLASS = YES_ERROR;
				CLANG_WARN_QUOTED_INCLUDE_IN_FRAMEWORK_HEADER = YES;
				CLANG_WARN_RANGE_LOOP_ANALYSIS = YES;
				CLANG_WARN_STRICT_PROTOTYPES = YES;
				CLANG_WARN_SUSPICIOUS_MOVE = YES;
				CLANG_WARN_UNGUARDED_AVAILABILITY = YES_AGGRESSIVE;
				CLANG_WARN_UNREACHABLE_CODE = YES;
				CLANG_WARN__DUPLICATE_METHOD_MATCH = YES;
				COPY_PHASE_STRIP = NO;
				DEBUG_INFORMATION_FORMAT = "dwarf-with-dsym";
				ENABLE_NS_ASSERTIONS = NO;
				ENABLE_STRICT_OBJC_MSGSEND = YES;
				GCC_C_LANGUAGE_STANDARD = gnu11;
				GCC_NO_COMMON_BLOCKS = YES;
				GCC_WARN_64_TO_32_BIT_CONVERSION = YES;
				GCC_WARN_ABOUT_RETURN_TYPE = YES_ERROR;
				GCC_WARN_UNDECLARED_SELECTOR = YES;
				GCC_WARN_UNINITIALIZED_AUTOS = YES_AGGRESSIVE;
				GCC_WARN_UNUSED_FUNCTION = YES;
				GCC_WARN_UNUSED_VARIABLE = YES;
				IPHONEOS_DEPLOYMENT_TARGET = 26.0;
				MTL_ENABLE_DEBUG_INFO = NO;
				MTL_FAST_MATH = YES;
				PRODUCT_NAME = "$(TARGET_NAME)";
				SDKROOT = iphoneos;
				SWIFT_COMPILATION_MODE = wholemodule;
				SWIFT_OPTIMIZATION_LEVEL = "-O";
				SWIFT_STRICT_CONCURRENCY = complete;
				SWIFT_VERSION = 6.0;
				TARGETED_DEVICE_FAMILY = "1,2";
			};
			name = Release;
		};
		F9C41D1C8C32D970D4B02C38 /* Release */ = {
			isa = XCBuildConfiguration;
			buildSettings = {
				ASSETCATALOG_COMPILER_APPICON_NAME = AppIcon;
				CODE_SIGN_IDENTITY = "iPhone Developer";
				CODE_SIGN_STYLE = Automatic;
				GENERATE_INFOPLIST_FILE = YES;
				INFOPLIST_KEY_CFBundleDisplayName = "Apple System Model";
				INFOPLIST_KEY_UIApplicationSceneManifest_Generation = YES;
				INFOPLIST_KEY_UILaunchScreen_Generation = YES;
				INFOPLIST_KEY_UISupportedInterfaceOrientations_iPad = "UIInterfaceOrientationPortrait UIInterfaceOrientationPortraitUpsideDown UIInterfaceOrientationLandscapeLeft UIInterfaceOrientationLandscapeRight";
				INFOPLIST_KEY_UISupportedInterfaceOrientations_iPhone = "UIInterfaceOrientationPortrait UIInterfaceOrientationLandscapeLeft UIInterfaceOrientationLandscapeRight";
				LD_RUNPATH_SEARCH_PATHS = (
					"$(inherited)",
					"@executable_path/Frameworks",
				);
				PRODUCT_BUNDLE_IDENTIFIER = com.applelocalai.systemmodel;
				SDKROOT = iphoneos;
				TARGETED_DEVICE_FAMILY = "1,2";
			};
			name = Release;
		};
		FA0983FC5D9F58C4073940F6 /* Debug */ = {
			isa = XCBuildConfiguration;
			buildSettings = {
				BUNDLE_LOADER = "$(TEST_HOST)";
				GENERATE_INFOPLIST_FILE = YES;
				LD_RUNPATH_SEARCH_PATHS = (
					"$(inherited)",
					"@executable_path/Frameworks",
					"@loader_path/Frameworks",
				);
				PRODUCT_BUNDLE_IDENTIFIER = com.applelocalai.systemmodel.tests;
				SDKROOT = iphoneos;
				TARGETED_DEVICE_FAMILY = "1,2";
				TEST_HOST = "$(BUILT_PRODUCTS_DIR)/AppleLocalAISystemSample.app/AppleLocalAISystemSample";
			};
			name = Debug;
		};
/* End XCBuildConfiguration section */

/* Begin XCConfigurationList section */
		2367D348881A9A34C88C0701 /* Build configuration list for PBXProject "AppleLocalAISystemSample" */ = {
			isa = XCConfigurationList;
			buildConfigurations = (
				5DF2340141D6DEA78B5B18C5 /* Debug */,
				AABCDE7FC1D45FFA46C82D8A /* Release */,
			);
			defaultConfigurationIsVisible = 0;
			defaultConfigurationName = Debug;
		};
		364D73934C1E3F7963D9B225 /* Build configuration list for PBXNativeTarget "AppleLocalAISystemSampleTests" */ = {
			isa = XCConfigurationList;
			buildConfigurations = (
				FA0983FC5D9F58C4073940F6 /* Debug */,
				2ECB8871CC5037B5401CDAE7 /* Release */,
			);
			defaultConfigurationIsVisible = 0;
			defaultConfigurationName = Debug;
		};
		9406953A59A57EB817FB9928 /* Build configuration list for PBXNativeTarget "AppleLocalAISystemSample" */ = {
			isa = XCConfigurationList;
			buildConfigurations = (
				9CFB93F4530C85FC33902149 /* Debug */,
				F9C41D1C8C32D970D4B02C38 /* Release */,
			);
			defaultConfigurationIsVisible = 0;
			defaultConfigurationName = Debug;
		};
/* End XCConfigurationList section */

/* Begin XCLocalSwiftPackageReference section */
		D6B12A40B8709A065F8DFF3F /* XCLocalSwiftPackageReference "../../Compatibility/AppleLocalAISystem" */ = {
			isa = XCLocalSwiftPackageReference;
			relativePath = ../../Compatibility/AppleLocalAISystem;
		};
/* End XCLocalSwiftPackageReference section */

/* Begin XCSwiftPackageProductDependency section */
		DDE0DC2E9371C15EEFEBC82B /* AppleLocalAISystem */ = {
			isa = XCSwiftPackageProductDependency;
			productName = AppleLocalAISystem;
		};
/* End XCSwiftPackageProductDependency section */
	};
	rootObject = 365A90E9A3B177B2656CC782 /* Project object */;
}
